
Microsoft Visual Studio Solution File, Format Version 12.00
# Visual Studio Version 16
VisualStudioVersion = 16.0.30611.23
MinimumVisualStudioVersion = 10.0.40219.1
Project("{FAE04EC0-301F-11D3-BF4B-00C04F79EFBC}") = "thomazmachado", "thomazmachado\thomazmachado.csproj", "{E6E6F3F7-E5B8-425A-BDD0-C45F47D31E30}"
EndProject
Global
	GlobalSection(SolutionConfigurationPlatforms) = preSolution
		Debug|Any CPU = Debug|Any CPU
		Release|Any CPU = Release|Any CPU
	EndGlobalSection
	GlobalSection(ProjectConfigurationPlatforms) = postSolution
		{E6E6F3F7-E5B8-425A-BDD0-C45F47D31E30}.Debug|Any CPU.ActiveCfg = Debug|Any CPU
		{E6E6F3F7-E5B8-425A-BDD0-C45F47D31E30}.Debug|Any CPU.Build.0 = Debug|Any CPU
		{E6E6F3F7-E5B8-425A-BDD0-C45F47D31E30}.Release|Any CPU.ActiveCfg = Release|Any CPU
		{E6E6F3F7-E5B8-425A-BDD0-C45F47D31E30}.Release|Any CPU.Build.0 = Release|Any CPU
	EndGlobalSection
	GlobalSection(SolutionProperties) = preSolution
		HideSolutionNode = FALSE
	EndGlobalSection
	GlobalSection(ExtensibilityGlobals) = postSolution
		SolutionGuid = {0CD62B43-4EC9-497D-B0F9-9887A137AF97}
	EndGlobalSection
EndGlobal
